
Microsoft Visual Studio Solution File, Format Version 12.00
# Visual Studio Version 16
VisualStudioVersion = 16.0.31205.134
MinimumVisualStudioVersion = 10.0.40219.1
Project("{FAE04EC0-301F-11D3-BF4B-00C04F79EFBC}") = "snake_OOP", "snake_OOP\snake_OOP.csproj", "{22C50304-E02F-4003-A4B5-88A313E7DD81}"
EndProject
Global
	GlobalSection(SolutionConfigurationPlatforms) = preSolution
		Debug|Any CPU = Debug|Any CPU
		Release|Any CPU = Release|Any CPU
	EndGlobalSection
	GlobalSection(ProjectConfigurationPlatforms) = postSolution
		{22C50304-E02F-4003-A4B5-88A313E7DD81}.Debug|Any CPU.ActiveCfg = Debug|Any CPU
		{22C50304-E02F-4003-A4B5-88A313E7DD81}.Debug|Any CPU.Build.0 = Debug|Any CPU
		{22C50304-E02F-4003-A4B5-88A313E7DD81}.Release|Any CPU.ActiveCfg = Release|Any CPU
		{22C50304-E02F-4003-A4B5-88A313E7DD81}.Release|Any CPU.Build.0 = Release|Any CPU
	EndGlobalSection
	GlobalSection(SolutionProperties) = preSolution
		HideSolutionNode = FALSE
	EndGlobalSection
	GlobalSection(ExtensibilityGlobals) = postSolution
		SolutionGuid = {6DC20E66-9D08-4915-B578-D1445099998E}
	EndGlobalSection
EndGlobal
